
Microsoft Visual Studio Solution File, Format Version 11.00
# Visual Studio 2010
Project("{FAE04EC0-301F-11D3-BF4B-00C04F79EFBC}") = "Assembly-CSharp", "Assembly-CSharp.csproj", "{24358E91-720C-1B7B-5C4F-721D42ED0B93}"
EndProject
Global
	GlobalSection(SolutionConfigurationPlatforms) = preSolution
		Debug|Any CPU = Debug|Any CPU
		Release|Any CPU = Release|Any CPU
	EndGlobalSection
	GlobalSection(ProjectConfigurationPlatforms) = postSolution
		{24358E91-720C-1B7B-5C4F-721D42ED0B93}.Debug|Any CPU.ActiveCfg = Debug|Any CPU
		{24358E91-720C-1B7B-5C4F-721D42ED0B93}.Debug|Any CPU.Build.0 = Debug|Any CPU
		{24358E91-720C-1B7B-5C4F-721D42ED0B93}.Release|Any CPU.ActiveCfg = Release|Any CPU
		{24358E91-720C-1B7B-5C4F-721D42ED0B93}.Release|Any CPU.Build.0 = Release|Any CPU
	EndGlobalSection
	GlobalSection(SolutionProperties) = preSolution
		HideSolutionNode = FALSE
	EndGlobalSection
	GlobalSection(MonoDevelopProperties) = preSolution
		StartupItem = Assembly-CSharp.csproj
	EndGlobalSection
EndGlobal
